// !$*UTF8*$!
{
	archiveVersion = 1;
	classes = {
	};
	objectVersion = 46;
	objects = {

/* Begin PBXBuildFile section */
		89F86FCD1B5977410018C2E9 /* main.m in Sources */ = {isa = PBXBuildFile; fileRef = 89F86FCC1B5977410018C2E9 /* main.m */; };
		89F86FD01B5977410018C2E9 /* AppDelegate.m in Sources */ = {isa = PBXBuildFile; fileRef = 89F86FCF1B5977410018C2E9 /* AppDelegate.m */; };
		89F86FD31B5977410018C2E9 /* CM_Clima.xcdatamodeld in Sources */ = {isa = PBXBuildFile; fileRef = 89F86FD11B5977410018C2E9 /* CM_Clima.xcdatamodeld */; };
		89F86FD61B5977410018C2E9 /* Start.m in Sources */ = {isa = PBXBuildFile; fileRef = 89F86FD51B5977410018C2E9 /* Start.m */; };
		89F86FD91B5977410018C2E9 /* Main.storyboard in Resources */ = {isa = PBXBuildFile; fileRef = 89F86FD71B5977410018C2E9 /* Main.storyboard */; };
		89F86FDB1B5977410018C2E9 /* Images.xcassets in Resources */ = {isa = PBXBuildFile; fileRef = 89F86FDA1B5977410018C2E9 /* Images.xcassets */; };
		89F86FDE1B5977410018C2E9 /* LaunchScreen.xib in Resources */ = {isa = PBXBuildFile; fileRef = 89F86FDC1B5977410018C2E9 /* LaunchScreen.xib */; };
		89F86FEA1B5977410018C2E9 /* CM_ClimaTests.m in Sources */ = {isa = PBXBuildFile; fileRef = 89F86FE91B5977410018C2E9 /* CM_ClimaTests.m */; };
		89F86FFE1B5A2ED20018C2E9 /* Declarations.m in Sources */ = {isa = PBXBuildFile; fileRef = 89F86FFD1B5A2ED20018C2E9 /* Declarations.m */; };
		89F870011B5A30470018C2E9 /* Parser.m in Sources */ = {isa = PBXBuildFile; fileRef = 89F870001B5A30470018C2E9 /* Parser.m */; };
		89F8701D1B5A32380018C2E9 /* NSObject+SBJson.m in Sources */ = {isa = PBXBuildFile; fileRef = 89F870051B5A32380018C2E9 /* NSObject+SBJson.m */; };
		89F8701E1B5A32380018C2E9 /* SBJsonParser.m in Sources */ = {isa = PBXBuildFile; fileRef = 89F870081B5A32380018C2E9 /* SBJsonParser.m */; };
		89F8701F1B5A32380018C2E9 /* SBJsonStreamParser.m in Sources */ = {isa = PBXBuildFile; fileRef = 89F8700A1B5A32380018C2E9 /* SBJsonStreamParser.m */; };
		89F870201B5A32380018C2E9 /* SBJsonStreamParserAccumulator.m in Sources */ = {isa = PBXBuildFile; fileRef = 89F8700C1B5A32380018C2E9 /* SBJsonStreamParserAccumulator.m */; };
		89F870211B5A32380018C2E9 /* SBJsonStreamParserAdapter.m in Sources */ = {isa = PBXBuildFile; fileRef = 89F8700E1B5A32380018C2E9 /* SBJsonStreamParserAdapter.m */; };
		89F870221B5A32380018C2E9 /* SBJsonStreamParserState.m in Sources */ = {isa = PBXBuildFile; fileRef = 89F870101B5A32380018C2E9 /* SBJsonStreamParserState.m */; };
		89F870231B5A32380018C2E9 /* SBJsonStreamWriter.m in Sources */ = {isa = PBXBuildFile; fileRef = 89F870121B5A32380018C2E9 /* SBJsonStreamWriter.m */; };
		89F870241B5A32380018C2E9 /* SBJsonStreamWriterAccumulator.m in Sources */ = {isa = PBXBuildFile; fileRef = 89F870141B5A32380018C2E9 /* SBJsonStreamWriterAccumulator.m */; };
		89F870251B5A32380018C2E9 /* SBJsonStreamWriterState.m in Sources */ = {isa = PBXBuildFile; fileRef = 89F870161B5A32380018C2E9 /* SBJsonStreamWriterState.m */; };
		89F870261B5A32380018C2E9 /* SBJsonTokeniser.m in Sources */ = {isa = PBXBuildFile; fileRef = 89F870181B5A32380018C2E9 /* SBJsonTokeniser.m */; };
		89F870271B5A32380018C2E9 /* SBJsonUTF8Stream.m in Sources */ = {isa = PBXBuildFile; fileRef = 89F8701A1B5A32380018C2E9 /* SBJsonUTF8Stream.m */; };
		89F870281B5A32380018C2E9 /* SBJsonWriter.m in Sources */ = {isa = PBXBuildFile; fileRef = 89F8701C1B5A32380018C2E9 /* SBJsonWriter.m */; };
/* End PBXBuildFile section */

/* Begin PBXContainerItemProxy section */
		89F86FE41B5977410018C2E9 /* PBXContainerItemProxy */ = {
			isa = PBXContainerItemProxy;
			containerPortal = 89F86FBF1B5977400018C2E9 /* Project object */;
			proxyType = 1;
			remoteGlobalIDString = 89F86FC61B5977410018C2E9;
			remoteInfo = "CM-Clima";
		};
/* End PBXContainerItemProxy section */

/* Begin PBXFileReference section */
		89F86FC71B5977410018C2E9 /* CM-Clima.app */ = {isa = PBXFileReference; explicitFileType = wrapper.application; includeInIndex = 0; path = "CM-Clima.app"; sourceTree = BUILT_PRODUCTS_DIR; };
		89F86FCB1B5977410018C2E9 /* Info.plist */ = {isa = PBXFileReference; lastKnownFileType = text.plist.xml; path = Info.plist; sourceTree = "<group>"; };
		89F86FCC1B5977410018C2E9 /* main.m */ = {isa = PBXFileReference; lastKnownFileType = sourcecode.c.objc; path = main.m; sourceTree = "<group>"; };
		89F86FCE1B5977410018C2E9 /* AppDelegate.h */ = {isa = PBXFileReference; lastKnownFileType = sourcecode.c.h; path = AppDelegate.h; sourceTree = "<group>"; };
		89F86FCF1B5977410018C2E9 /* AppDelegate.m */ = {isa = PBXFileReference; lastKnownFileType = sourcecode.c.objc; path = AppDelegate.m; sourceTree = "<group>"; };
		89F86FD21B5977410018C2E9 /* CM_Clima.xcdatamodel */ = {isa = PBXFileReference; lastKnownFileType = wrapper.xcdatamodel; path = CM_Clima.xcdatamodel; sourceTree = "<group>"; };
		89F86FD41B5977410018C2E9 /* Start.h */ = {isa = PBXFileReference; lastKnownFileType = sourcecode.c.h; path = Start.h; sourceTree = "<group>"; };
		89F86FD51B5977410018C2E9 /* Start.m */ = {isa = PBXFileReference; lastKnownFileType = sourcecode.c.objc; path = Start.m; sourceTree = "<group>"; };
		89F86FD81B5977410018C2E9 /* Base */ = {isa = PBXFileReference; lastKnownFileType = file.storyboard; name = Base; path = Base.lproj/Main.storyboard; sourceTree = "<group>"; };
		89F86FDA1B5977410018C2E9 /* Images.xcassets */ = {isa = PBXFileReference; lastKnownFileType = folder.assetcatalog; path = Images.xcassets; sourceTree = "<group>"; };
		89F86FDD1B5977410018C2E9 /* Base */ = {isa = PBXFileReference; lastKnownFileType = file.xib; name = Base; path = Base.lproj/LaunchScreen.xib; sourceTree = "<group>"; };
		89F86FE31B5977410018C2E9 /* CM-ClimaTests.xctest */ = {isa = PBXFileReference; explicitFileType = wrapper.cfbundle; includeInIndex = 0; path = "CM-ClimaTests.xctest"; sourceTree = BUILT_PRODUCTS_DIR; };
		89F86FE81B5977410018C2E9 /* Info.plist */ = {isa = PBXFileReference; lastKnownFileType = text.plist.xml; path = Info.plist; sourceTree = "<group>"; };
		89F86FE91B5977410018C2E9 /* CM_ClimaTests.m */ = {isa = PBXFileReference; lastKnownFileType = sourcecode.c.objc; path = CM_ClimaTests.m; sourceTree = "<group>"; };
		89F86FFC1B5A2ED20018C2E9 /* Declarations.h */ = {isa = PBXFileReference; fileEncoding = 4; lastKnownFileType = sourcecode.c.h; path = Declarations.h; sourceTree = "<group>"; };
		89F86FFD1B5A2ED20018C2E9 /* Declarations.m */ = {isa = PBXFileReference; fileEncoding = 4; lastKnownFileType = sourcecode.c.objc; path = Declarations.m; sourceTree = "<group>"; };
		89F86FFF1B5A30470018C2E9 /* Parser.h */ = {isa = PBXFileReference; fileEncoding = 4; lastKnownFileType = sourcecode.c.h; path = Parser.h; sourceTree = "<group>"; };
		89F870001B5A30470018C2E9 /* Parser.m */ = {isa = PBXFileReference; fileEncoding = 4; lastKnownFileType = sourcecode.c.objc; path = Parser.m; sourceTree = "<group>"; };
		89F870041B5A32380018C2E9 /* NSObject+SBJson.h */ = {isa = PBXFileReference; fileEncoding = 4; lastKnownFileType = sourcecode.c.h; path = "NSObject+SBJson.h"; sourceTree = "<group>"; };
		89F870051B5A32380018C2E9 /* NSObject+SBJson.m */ = {isa = PBXFileReference; fileEncoding = 4; lastKnownFileType = sourcecode.c.objc; path = "NSObject+SBJson.m"; sourceTree = "<group>"; };
		89F870061B5A32380018C2E9 /* SBJson.h */ = {isa = PBXFileReference; fileEncoding = 4; lastKnownFileType = sourcecode.c.h; path = SBJson.h; sourceTree = "<group>"; };
		89F870071B5A32380018C2E9 /* SBJsonParser.h */ = {isa = PBXFileReference; fileEncoding = 4; lastKnownFileType = sourcecode.c.h; path = SBJsonParser.h; sourceTree = "<group>"; };
		89F870081B5A32380018C2E9 /* SBJsonParser.m */ = {isa = PBXFileReference; fileEncoding = 4; lastKnownFileType = sourcecode.c.objc; path = SBJsonParser.m; sourceTree = "<group>"; };
		89F870091B5A32380018C2E9 /* SBJsonStreamParser.h */ = {isa = PBXFileReference; fileEncoding = 4; lastKnownFileType = sourcecode.c.h; path = SBJsonStreamParser.h; sourceTree = "<group>"; };
		89F8700A1B5A32380018C2E9 /* SBJsonStreamParser.m */ = {isa = PBXFileReference; fileEncoding = 4; lastKnownFileType = sourcecode.c.objc; path = SBJsonStreamParser.m; sourceTree = "<group>"; };
		89F8700B1B5A32380018C2E9 /* SBJsonStreamParserAccumulator.h */ = {isa = PBXFileReference; fileEncoding = 4; lastKnownFileType = sourcecode.c.h; path = SBJsonStreamParserAccumulator.h; sourceTree = "<group>"; };
		89F8700C1B5A32380018C2E9 /* SBJsonStreamParserAccumulator.m */ = {isa = PBXFileReference; fileEncoding = 4; lastKnownFileType = sourcecode.c.objc; path = SBJsonStreamParserAccumulator.m; sourceTree = "<group>"; };
		89F8700D1B5A32380018C2E9 /* SBJsonStreamParserAdapter.h */ = {isa = PBXFileReference; fileEncoding = 4; lastKnownFileType = sourcecode.c.h; path = SBJsonStreamParserAdapter.h; sourceTree = "<group>"; };
		89F8700E1B5A32380018C2E9 /* SBJsonStreamParserAdapter.m */ = {isa = PBXFileReference; fileEncoding = 4; lastKnownFileType = sourcecode.c.objc; path = SBJsonStreamParserAdapter.m; sourceTree = "<group>"; };
		89F8700F1B5A32380018C2E9 /* SBJsonStreamParserState.h */ = {isa = PBXFileReference; fileEncoding = 4; lastKnownFileType = sourcecode.c.h; path = SBJsonStreamParserState.h; sourceTree = "<group>"; };
		89F870101B5A32380018C2E9 /* SBJsonStreamParserState.m */ = {isa = PBXFileReference; fileEncoding = 4; lastKnownFileType = sourcecode.c.objc; path = SBJsonStreamParserState.m; sourceTree = "<group>"; };
		89F870111B5A32380018C2E9 /* SBJsonStreamWriter.h */ = {isa = PBXFileReference; fileEncoding = 4; lastKnownFileType = sourcecode.c.h; path = SBJsonStreamWriter.h; sourceTree = "<group>"; };
		89F870121B5A32380018C2E9 /* SBJsonStreamWriter.m */ = {isa = PBXFileReference; fileEncoding = 4; lastKnownFileType = sourcecode.c.objc; path = SBJsonStreamWriter.m; sourceTree = "<group>"; };
		89F870131B5A32380018C2E9 /* SBJsonStreamWriterAccumulator.h */ = {isa = PBXFileReference; fileEncoding = 4; lastKnownFileType = sourcecode.c.h; path = SBJsonStreamWriterAccumulator.h; sourceTree = "<group>"; };
		89F870141B5A32380018C2E9 /* SBJsonStreamWriterAccumulator.m */ = {isa = PBXFileReference; fileEncoding = 4; lastKnownFileType = sourcecode.c.objc; path = SBJsonStreamWriterAccumulator.m; sourceTree = "<group>"; };
		89F870151B5A32380018C2E9 /* SBJsonStreamWriterState.h */ = {isa = PBXFileReference; fileEncoding = 4; lastKnownFileType = sourcecode.c.h; path = SBJsonStreamWriterState.h; sourceTree = "<group>"; };
		89F870161B5A32380018C2E9 /* SBJsonStreamWriterState.m */ = {isa = PBXFileReference; fileEncoding = 4; lastKnownFileType = sourcecode.c.objc; path = SBJsonStreamWriterState.m; sourceTree = "<group>"; };
		89F870171B5A32380018C2E9 /* SBJsonTokeniser.h */ = {isa = PBXFileReference; fileEncoding = 4; lastKnownFileType = sourcecode.c.h; path = SBJsonTokeniser.h; sourceTree = "<group>"; };
		89F870181B5A32380018C2E9 /* SBJsonTokeniser.m */ = {isa = PBXFileReference; fileEncoding = 4; lastKnownFileType = sourcecode.c.objc; path = SBJsonTokeniser.m; sourceTree = "<group>"; };
		89F870191B5A32380018C2E9 /* SBJsonUTF8Stream.h */ = {isa = PBXFileReference; fileEncoding = 4; lastKnownFileType = sourcecode.c.h; path = SBJsonUTF8Stream.h; sourceTree = "<group>"; };
		89F8701A1B5A32380018C2E9 /* SBJsonUTF8Stream.m */ = {isa = PBXFileReference; fileEncoding = 4; lastKnownFileType = sourcecode.c.objc; path = SBJsonUTF8Stream.m; sourceTree = "<group>"; };
		89F8701B1B5A32380018C2E9 /* SBJsonWriter.h */ = {isa = PBXFileReference; fileEncoding = 4; lastKnownFileType = sourcecode.c.h; path = SBJsonWriter.h; sourceTree = "<group>"; };
		89F8701C1B5A32380018C2E9 /* SBJsonWriter.m */ = {isa = PBXFileReference; fileEncoding = 4; lastKnownFileType = sourcecode.c.objc; path = SBJsonWriter.m; sourceTree = "<group>"; };
/* End PBXFileReference section */

/* Begin PBXFrameworksBuildPhase section */
		89F86FC41B5977410018C2E9 /* Frameworks */ = {
			isa = PBXFrameworksBuildPhase;
			buildActionMask = 2147483647;
			files = (
			);
			runOnlyForDeploymentPostprocessing = 0;
		};
		89F86FE01B5977410018C2E9 /* Frameworks */ = {
			isa = PBXFrameworksBuildPhase;
			buildActionMask = 2147483647;
			files = (
			);
			runOnlyForDeploymentPostprocessing = 0;
		};
/* End PBXFrameworksBuildPhase section */

/* Begin PBXGroup section */
		89F86FBE1B5977400018C2E9 = {
			isa = PBXGroup;
			children = (
				89F86FC91B5977410018C2E9 /* CM-Clima */,
				89F86FE61B5977410018C2E9 /* CM-ClimaTests */,
				89F86FC81B5977410018C2E9 /* Products */,
			);
			sourceTree = "<group>";
		};
		89F86FC81B5977410018C2E9 /* Products */ = {
			isa = PBXGroup;
			children = (
				89F86FC71B5977410018C2E9 /* CM-Clima.app */,
				89F86FE31B5977410018C2E9 /* CM-ClimaTests.xctest */,
			);
			name = Products;
			sourceTree = "<group>";
		};
		89F86FC91B5977410018C2E9 /* CM-Clima */ = {
			isa = PBXGroup;
			children = (
				89F870021B5A32220018C2E9 /* Classes */,
				89F86FF31B5977AF0018C2E9 /* Main */,
				89F86FF51B5977D50018C2E9 /* Controllers */,
				89F86FD71B5977410018C2E9 /* Main.storyboard */,
				89F86FDA1B5977410018C2E9 /* Images.xcassets */,
				89F86FDC1B5977410018C2E9 /* LaunchScreen.xib */,
				89F86FD11B5977410018C2E9 /* CM_Clima.xcdatamodeld */,
				89F86FCA1B5977410018C2E9 /* Supporting Files */,
			);
			path = "CM-Clima";
			sourceTree = "<group>";
		};
		89F86FCA1B5977410018C2E9 /* Supporting Files */ = {
			isa = PBXGroup;
			children = (
				89F86FCB1B5977410018C2E9 /* Info.plist */,
				89F86FCC1B5977410018C2E9 /* main.m */,
			);
			name = "Supporting Files";
			sourceTree = "<group>";
		};
		89F86FE61B5977410018C2E9 /* CM-ClimaTests */ = {
			isa = PBXGroup;
			children = (
				89F86FE91B5977410018C2E9 /* CM_ClimaTests.m */,
				89F86FE71B5977410018C2E9 /* Supporting Files */,
			);
			path = "CM-ClimaTests";
			sourceTree = "<group>";
		};
		89F86FE71B5977410018C2E9 /* Supporting Files */ = {
			isa = PBXGroup;
			children = (
				89F86FE81B5977410018C2E9 /* Info.plist */,
			);
			name = "Supporting Files";
			sourceTree = "<group>";
		};
		89F86FF31B5977AF0018C2E9 /* Main */ = {
			isa = PBXGroup;
			children = (
				89F86FCE1B5977410018C2E9 /* AppDelegate.h */,
				89F86FCF1B5977410018C2E9 /* AppDelegate.m */,
				89F86FFC1B5A2ED20018C2E9 /* Declarations.h */,
				89F86FFD1B5A2ED20018C2E9 /* Declarations.m */,
				89F86FFF1B5A30470018C2E9 /* Parser.h */,
				89F870001B5A30470018C2E9 /* Parser.m */,
			);
			name = Main;
			sourceTree = "<group>";
		};
		89F86FF51B5977D50018C2E9 /* Controllers */ = {
			isa = PBXGroup;
			children = (
				89F86FD41B5977410018C2E9 /* Start.h */,
				89F86FD51B5977410018C2E9 /* Start.m */,
			);
			name = Controllers;
			sourceTree = "<group>";
		};
		89F870021B5A32220018C2E9 /* Classes */ = {
			isa = PBXGroup;
			children = (
				89F870031B5A32380018C2E9 /* json */,
			);
			name = Classes;
			sourceTree = "<group>";
		};
		89F870031B5A32380018C2E9 /* json */ = {
			isa = PBXGroup;
			children = (
				89F870041B5A32380018C2E9 /* NSObject+SBJson.h */,
				89F870051B5A32380018C2E9 /* NSObject+SBJson.m */,
				89F870061B5A32380018C2E9 /* SBJson.h */,
				89F870071B5A32380018C2E9 /* SBJsonParser.h */,
				89F870081B5A32380018C2E9 /* SBJsonParser.m */,
				89F870091B5A32380018C2E9 /* SBJsonStreamParser.h */,
				89F8700A1B5A32380018C2E9 /* SBJsonStreamParser.m */,
				89F8700B1B5A32380018C2E9 /* SBJsonStreamParserAccumulator.h */,
				89F8700C1B5A32380018C2E9 /* SBJsonStreamParserAccumulator.m */,
				89F8700D1B5A32380018C2E9 /* SBJsonStreamParserAdapter.h */,
				89F8700E1B5A32380018C2E9 /* SBJsonStreamParserAdapter.m */,
				89F8700F1B5A32380018C2E9 /* SBJsonStreamParserState.h */,
				89F870101B5A32380018C2E9 /* SBJsonStreamParserState.m */,
				89F870111B5A32380018C2E9 /* SBJsonStreamWriter.h */,
				89F870121B5A32380018C2E9 /* SBJsonStreamWriter.m */,
				89F870131B5A32380018C2E9 /* SBJsonStreamWriterAccumulator.h */,
				89F870141B5A32380018C2E9 /* SBJsonStreamWriterAccumulator.m */,
				89F870151B5A32380018C2E9 /* SBJsonStreamWriterState.h */,
				89F870161B5A32380018C2E9 /* SBJsonStreamWriterState.m */,
				89F870171B5A32380018C2E9 /* SBJsonTokeniser.h */,
				89F870181B5A32380018C2E9 /* SBJsonTokeniser.m */,
				89F870191B5A32380018C2E9 /* SBJsonUTF8Stream.h */,
				89F8701A1B5A32380018C2E9 /* SBJsonUTF8Stream.m */,
				89F8701B1B5A32380018C2E9 /* SBJsonWriter.h */,
				89F8701C1B5A32380018C2E9 /* SBJsonWriter.m */,
			);
			path = json;
			sourceTree = "<group>";
		};
/* End PBXGroup section */

/* Begin PBXNativeTarget section */
		89F86FC61B5977410018C2E9 /* CM-Clima */ = {
			isa = PBXNativeTarget;
			buildConfigurationList = 89F86FED1B5977410018C2E9 /* Build configuration list for PBXNativeTarget "CM-Clima" */;
			buildPhases = (
				89F86FC31B5977410018C2E9 /* Sources */,
				89F86FC41B5977410018C2E9 /* Frameworks */,
				89F86FC51B5977410018C2E9 /* Resources */,
			);
			buildRules = (
			);
			dependencies = (
			);
			name = "CM-Clima";
			productName = "CM-Clima";
			productReference = 89F86FC71B5977410018C2E9 /* CM-Clima.app */;
			productType = "com.apple.product-type.application";
		};
		89F86FE21B5977410018C2E9 /* CM-ClimaTests */ = {
			isa = PBXNativeTarget;
			buildConfigurationList = 89F86FF01B5977410018C2E9 /* Build configuration list for PBXNativeTarget "CM-ClimaTests" */;
			buildPhases = (
				89F86FDF1B5977410018C2E9 /* Sources */,
				89F86FE01B5977410018C2E9 /* Frameworks */,
				89F86FE11B5977410018C2E9 /* Resources */,
			);
			buildRules = (
			);
			dependencies = (
				89F86FE51B5977410018C2E9 /* PBXTargetDependency */,
			);
			name = "CM-ClimaTests";
			productName = "CM-ClimaTests";
			productReference = 89F86FE31B5977410018C2E9 /* CM-ClimaTests.xctest */;
			productType = "com.apple.product-type.bundle.unit-test";
		};
/* End PBXNativeTarget section */

/* Begin PBXProject section */
		89F86FBF1B5977400018C2E9 /* Project object */ = {
			isa = PBXProject;
			attributes = {
				LastUpgradeCheck = 0640;
				ORGANIZATIONNAME = jesusnajar;
				TargetAttributes = {
					89F86FC61B5977410018C2E9 = {
						CreatedOnToolsVersion = 6.4;
					};
					89F86FE21B5977410018C2E9 = {
						CreatedOnToolsVersion = 6.4;
						TestTargetID = 89F86FC61B5977410018C2E9;
					};
				};
			};
			buildConfigurationList = 89F86FC21B5977400018C2E9 /* Build configuration list for PBXProject "CM-Clima" */;
			compatibilityVersion = "Xcode 3.2";
			developmentRegion = English;
			hasScannedForEncodings = 0;
			knownRegions = (
				en,
				Base,
			);
			mainGroup = 89F86FBE1B5977400018C2E9;
			productRefGroup = 89F86FC81B5977410018C2E9 /* Products */;
			projectDirPath = "";
			projectRoot = "";
			targets = (
				89F86FC61B5977410018C2E9 /* CM-Clima */,
				89F86FE21B5977410018C2E9 /* CM-ClimaTests */,
			);
		};
/* End PBXProject section */

/* Begin PBXResourcesBuildPhase section */
		89F86FC51B5977410018C2E9 /* Resources */ = {
			isa = PBXResourcesBuildPhase;
			buildActionMask = 2147483647;
			files = (
				89F86FD91B5977410018C2E9 /* Main.storyboard in Resources */,
				89F86FDE1B5977410018C2E9 /* LaunchScreen.xib in Resources */,
				89F86FDB1B5977410018C2E9 /* Images.xcassets in Resources */,
			);
			runOnlyForDeploymentPostprocessing = 0;
		};
		89F86FE11B5977410018C2E9 /* Resources */ = {
			isa = PBXResourcesBuildPhase;
			buildActionMask = 2147483647;
			files = (
			);
			runOnlyForDeploymentPostprocessing = 0;
		};
/* End PBXResourcesBuildPhase section */

/* Begin PBXSourcesBuildPhase section */
		89F86FC31B5977410018C2E9 /* Sources */ = {
			isa = PBXSourcesBuildPhase;
			buildActionMask = 2147483647;
			files = (
				89F870201B5A32380018C2E9 /* SBJsonStreamParserAccumulator.m in Sources */,
				89F86FD01B5977410018C2E9 /* AppDelegate.m in Sources */,
				89F870271B5A32380018C2E9 /* SBJsonUTF8Stream.m in Sources */,
				89F86FCD1B5977410018C2E9 /* main.m in Sources */,
				89F86FD61B5977410018C2E9 /* Start.m in Sources */,
				89F86FD31B5977410018C2E9 /* CM_Clima.xcdatamodeld in Sources */,
				89F870011B5A30470018C2E9 /* Parser.m in Sources */,
				89F8701E1B5A32380018C2E9 /* SBJsonParser.m in Sources */,
				89F870231B5A32380018C2E9 /* SBJsonStreamWriter.m in Sources */,
				89F8701F1B5A32380018C2E9 /* SBJsonStreamParser.m in Sources */,
				89F870251B5A32380018C2E9 /* SBJsonStreamWriterState.m in Sources */,
				89F870211B5A32380018C2E9 /* SBJsonStreamParserAdapter.m in Sources */,
				89F870241B5A32380018C2E9 /* SBJsonStreamWriterAccumulator.m in Sources */,
				89F870281B5A32380018C2E9 /* SBJsonWriter.m in Sources */,
				89F870221B5A32380018C2E9 /* SBJsonStreamParserState.m in Sources */,
				89F86FFE1B5A2ED20018C2E9 /* Declarations.m in Sources */,
				89F8701D1B5A32380018C2E9 /* NSObject+SBJson.m in Sources */,
				89F870261B5A32380018C2E9 /* SBJsonTokeniser.m in Sources */,
			);
			runOnlyForDeploymentPostprocessing = 0;
		};
		89F86FDF1B5977410018C2E9 /* Sources */ = {
			isa = PBXSourcesBuildPhase;
			buildActionMask = 2147483647;
			files = (
				89F86FEA1B5977410018C2E9 /* CM_ClimaTests.m in Sources */,
			);
			runOnlyForDeploymentPostprocessing = 0;
		};
/* End PBXSourcesBuildPhase section */

/* Begin PBXTargetDependency section */
		89F86FE51B5977410018C2E9 /* PBXTargetDependency */ = {
			isa = PBXTargetDependency;
			target = 89F86FC61B5977410018C2E9 /* CM-Clima */;
			targetProxy = 89F86FE41B5977410018C2E9 /* PBXContainerItemProxy */;
		};
/* End PBXTargetDependency section */

/* Begin PBXVariantGroup section */
		89F86FD71B5977410018C2E9 /* Main.storyboard */ = {
			isa = PBXVariantGroup;
			children = (
				89F86FD81B5977410018C2E9 /* Base */,
			);
			name = Main.storyboard;
			sourceTree = "<group>";
		};
		89F86FDC1B5977410018C2E9 /* LaunchScreen.xib */ = {
			isa = PBXVariantGroup;
			children = (
				89F86FDD1B5977410018C2E9 /* Base */,
			);
			name = LaunchScreen.xib;
			sourceTree = "<group>";
		};
/* End PBXVariantGroup section */

/* Begin XCBuildConfiguration section */
		89F86FEB1B5977410018C2E9 /* Debug */ = {
			isa = XCBuildConfiguration;
			buildSettings = {
				ALWAYS_SEARCH_USER_PATHS = NO;
				CLANG_CXX_LANGUAGE_STANDARD = "gnu++0x";
				CLANG_CXX_LIBRARY = "libc++";
				CLANG_ENABLE_MODULES = YES;
				CLANG_ENABLE_OBJC_ARC = YES;
				CLANG_WARN_BOOL_CONVERSION = YES;
				CLANG_WARN_CONSTANT_CONVERSION = YES;
				CLANG_WARN_DIRECT_OBJC_ISA_USAGE = YES_ERROR;
				CLANG_WARN_EMPTY_BODY = YES;
				CLANG_WARN_ENUM_CONVERSION = YES;
				CLANG_WARN_INT_CONVERSION = YES;
				CLANG_WARN_OBJC_ROOT_CLASS = YES_ERROR;
				CLANG_WARN_UNREACHABLE_CODE = YES;
				CLANG_WARN__DUPLICATE_METHOD_MATCH = YES;
				"CODE_SIGN_IDENTITY[sdk=iphoneos*]" = "iPhone Developer";
				COPY_PHASE_STRIP = NO;
				DEBUG_INFORMATION_FORMAT = "dwarf-with-dsym";
				ENABLE_STRICT_OBJC_MSGSEND = YES;
				GCC_C_LANGUAGE_STANDARD = gnu99;
				GCC_DYNAMIC_NO_PIC = NO;
				GCC_NO_COMMON_BLOCKS = YES;
				GCC_OPTIMIZATION_LEVEL = 0;
				GCC_PREPROCESSOR_DEFINITIONS = (
					"DEBUG=1",
					"$(inherited)",
				);
				GCC_SYMBOLS_PRIVATE_EXTERN = NO;
				GCC_WARN_64_TO_32_BIT_CONVERSION = YES;
				GCC_WARN_ABOUT_RETURN_TYPE = YES_ERROR;
				GCC_WARN_UNDECLARED_SELECTOR = YES;
				GCC_WARN_UNINITIALIZED_AUTOS = YES_AGGRESSIVE;
				GCC_WARN_UNUSED_FUNCTION = YES;
				GCC_WARN_UNUSED_VARIABLE = YES;
				IPHONEOS_DEPLOYMENT_TARGET = 8.4;
				MTL_ENABLE_DEBUG_INFO = YES;
				ONLY_ACTIVE_ARCH = YES;
				SDKROOT = iphoneos;
			};
			name = Debug;
		};
		89F86FEC1B5977410018C2E9 /* Release */ = {
			isa = XCBuildConfiguration;
			buildSettings = {
				ALWAYS_SEARCH_USER_PATHS = NO;
				CLANG_CXX_LANGUAGE_STANDARD = "gnu++0x";
				CLANG_CXX_LIBRARY = "libc++";
				CLANG_ENABLE_MODULES = YES;
				CLANG_ENABLE_OBJC_ARC = YES;
				CLANG_WARN_BOOL_CONVERSION = YES;
				CLANG_WARN_CONSTANT_CONVERSION = YES;
				CLANG_WARN_DIRECT_OBJC_ISA_USAGE = YES_ERROR;
				CLANG_WARN_EMPTY_BODY = YES;
				CLANG_WARN_ENUM_CONVERSION = YES;
				CLANG_WARN_INT_CONVERSION = YES;
				CLANG_WARN_OBJC_ROOT_CLASS = YES_ERROR;
				CLANG_WARN_UNREACHABLE_CODE = YES;
				CLANG_WARN__DUPLICATE_METHOD_MATCH = YES;
				"CODE_SIGN_IDENTITY[sdk=iphoneos*]" = "iPhone Developer";
				COPY_PHASE_STRIP = NO;
				DEBUG_INFORMATION_FORMAT = "dwarf-with-dsym";
				ENABLE_NS_ASSERTIONS = NO;
				ENABLE_STRICT_OBJC_MSGSEND = YES;
				GCC_C_LANGUAGE_STANDARD = gnu99;
				GCC_NO_COMMON_BLOCKS = YES;
				GCC_WARN_64_TO_32_BIT_CONVERSION = YES;
				GCC_WARN_ABOUT_RETURN_TYPE = YES_ERROR;
				GCC_WARN_UNDECLARED_SELECTOR = YES;
				GCC_WARN_UNINITIALIZED_AUTOS = YES_AGGRESSIVE;
				GCC_WARN_UNUSED_FUNCTION = YES;
				GCC_WARN_UNUSED_VARIABLE = YES;
				IPHONEOS_DEPLOYMENT_TARGET = 8.4;
				MTL_ENABLE_DEBUG_INFO = NO;
				SDKROOT = iphoneos;
				VALIDATE_PRODUCT = YES;
			};
			name = Release;
		};
		89F86FEE1B5977410018C2E9 /* Debug */ = {
			isa = XCBuildConfiguration;
			buildSettings = {
				ASSETCATALOG_COMPILER_APPICON_NAME = AppIcon;
				INFOPLIST_FILE = "CM-Clima/Info.plist";
				LD_RUNPATH_SEARCH_PATHS = "$(inherited) @executable_path/Frameworks";
				PRODUCT_NAME = "$(TARGET_NAME)";
			};
			name = Debug;
		};
		89F86FEF1B5977410018C2E9 /* Release */ = {
			isa = XCBuildConfiguration;
			buildSettings = {
				ASSETCATALOG_COMPILER_APPICON_NAME = AppIcon;
				INFOPLIST_FILE = "CM-Clima/Info.plist";
				LD_RUNPATH_SEARCH_PATHS = "$(inherited) @executable_path/Frameworks";
				PRODUCT_NAME = "$(TARGET_NAME)";
			};
			name = Release;
		};
		89F86FF11B5977410018C2E9 /* Debug */ = {
			isa = XCBuildConfiguration;
			buildSettings = {
				BUNDLE_LOADER = "$(TEST_HOST)";
				FRAMEWORK_SEARCH_PATHS = (
					"$(SDKROOT)/Developer/Library/Frameworks",
					"$(inherited)",
				);
				GCC_PREPROCESSOR_DEFINITIONS = (
					"DEBUG=1",
					"$(inherited)",
				);
				INFOPLIST_FILE = "CM-ClimaTests/Info.plist";
				LD_RUNPATH_SEARCH_PATHS = "$(inherited) @executable_path/Frameworks @loader_path/Frameworks";
				PRODUCT_NAME = "$(TARGET_NAME)";
				TEST_HOST = "$(BUILT_PRODUCTS_DIR)/CM-Clima.app/CM-Clima";
			};
			name = Debug;
		};
		89F86FF21B5977410018C2E9 /* Release */ = {
			isa = XCBuildConfiguration;
			buildSettings = {
				BUNDLE_LOADER = "$(TEST_HOST)";
				FRAMEWORK_SEARCH_PATHS = (
					"$(SDKROOT)/Developer/Library/Frameworks",
					"$(inherited)",
				);
				INFOPLIST_FILE = "CM-ClimaTests/Info.plist";
				LD_RUNPATH_SEARCH_PATHS = "$(inherited) @executable_path/Frameworks @loader_path/Frameworks";
				PRODUCT_NAME = "$(TARGET_NAME)";
				TEST_HOST = "$(BUILT_PRODUCTS_DIR)/CM-Clima.app/CM-Clima";
			};
			name = Release;
		};
/* End XCBuildConfiguration section */

/* Begin XCConfigurationList section */
		89F86FC21B5977400018C2E9 /* Build configuration list for PBXProject "CM-Clima" */ = {
			isa = XCConfigurationList;
			buildConfigurations = (
				89F86FEB1B5977410018C2E9 /* Debug */,
				89F86FEC1B5977410018C2E9 /* Release */,
			);
			defaultConfigurationIsVisible = 0;
			defaultConfigurationName = Release;
		};
		89F86FED1B5977410018C2E9 /* Build configuration list for PBXNativeTarget "CM-Clima" */ = {
			isa = XCConfigurationList;
			buildConfigurations = (
				89F86FEE1B5977410018C2E9 /* Debug */,
				89F86FEF1B5977410018C2E9 /* Release */,
			);
			defaultConfigurationIsVisible = 0;
		};
		89F86FF01B5977410018C2E9 /* Build configuration list for PBXNativeTarget "CM-ClimaTests" */ = {
			isa = XCConfigurationList;
			buildConfigurations = (
				89F86FF11B5977410018C2E9 /* Debug */,
				89F86FF21B5977410018C2E9 /* Release */,
			);
			defaultConfigurationIsVisible = 0;
		};
/* End XCConfigurationList section */

/* Begin XCVersionGroup section */
		89F86FD11B5977410018C2E9 /* CM_Clima.xcdatamodeld */ = {
			isa = XCVersionGroup;
			children = (
				89F86FD21B5977410018C2E9 /* CM_Clima.xcdatamodel */,
			);
			currentVersion = 89F86FD21B5977410018C2E9 /* CM_Clima.xcdatamodel */;
			path = CM_Clima.xcdatamodeld;
			sourceTree = "<group>";
			versionGroupType = wrapper.xcdatamodel;
		};
/* End XCVersionGroup section */
	};
	rootObject = 89F86FBF1B5977400018C2E9 /* Project object */;
}
